
Microsoft Visual Studio Solution File, Format Version 12.00
Project("{FAE04EC0-301F-11D3-BF4B-00C04F79EFBC}") = "Family", "Family\Family.csproj", "{778E577E-99D4-49ED-84ED-031DBF82341C}"
EndProject
Global
	GlobalSection(SolutionConfigurationPlatforms) = preSolution
		Debug|Any CPU = Debug|Any CPU
		Release|Any CPU = Release|Any CPU
	EndGlobalSection
	GlobalSection(ProjectConfigurationPlatforms) = postSolution
		{778E577E-99D4-49ED-84ED-031DBF82341C}.Debug|Any CPU.ActiveCfg = Debug|Any CPU
		{778E577E-99D4-49ED-84ED-031DBF82341C}.Debug|Any CPU.Build.0 = Debug|Any CPU
		{778E577E-99D4-49ED-84ED-031DBF82341C}.Release|Any CPU.ActiveCfg = Release|Any CPU
		{778E577E-99D4-49ED-84ED-031DBF82341C}.Release|Any CPU.Build.0 = Release|Any CPU
	EndGlobalSection
EndGlobal
